
Microsoft Visual Studio Solution File, Format Version 12.00
# Visual Studio 14
VisualStudioVersion = 14.0.25420.1
MinimumVisualStudioVersion = 10.0.40219.1
Project("{FAE04EC0-301F-11D3-BF4B-00C04F79EFBC}") = "MedsReadyMobile", "MedsReadyMobile\MedsReadyMobile\MedsReadyMobile.csproj", "{7A6BEE65-D301-406B-9DEE-28D7BF06B455}"
EndProject
Project("{FAE04EC0-301F-11D3-BF4B-00C04F79EFBC}") = "MedsReadyMobile.Droid", "MedsReadyMobile\MedsReadyMobile.Droid\MedsReadyMobile.Droid.csproj", "{290D2A49-0F57-4575-BAF5-75CF9EF97D50}"
EndProject
Project("{FAE04EC0-301F-11D3-BF4B-00C04F79EFBC}") = "MedsReadyMobile.iOS", "MedsReadyMobile\MedsReadyMobile.iOS\MedsReadyMobile.iOS.csproj", "{E14884E5-59AA-468C-BEF9-3D86EC71268F}"
EndProject
Project("{2150E333-8FDC-42A3-9474-1A3956D46DE8}") = "Platforms", "Platforms", "{41595D8E-1236-4C12-9841-3762662F0FFD}"
EndProject
Project("{FAE04EC0-301F-11D3-BF4B-00C04F79EFBC}") = "MedsReadyMobile.ViewModels", "MedsReadyMobile\MedsReadyMobile.ViewModels\MedsReadyMobile.ViewModels.csproj", "{67F9D3A8-F71E-4428-913F-C37AE82CDB24}"
EndProject
Project("{FAE04EC0-301F-11D3-BF4B-00C04F79EFBC}") = "MedsReadyMobile.Services", "MedsReadyMobile\MedsReadyMobile.Services\MedsReadyMobile.Services.csproj", "{07BBDAC1-E7E8-486C-AD81-9031F06338BC}"
EndProject
Project("{FAE04EC0-301F-11D3-BF4B-00C04F79EFBC}") = "MedsReadyMobile.Data.Realm", "MedsReadyMobile\MedsReadyMobile.Data.Realm\MedsReadyMobile.Data.Realm.csproj", "{274ECF8F-D155-476C-A9E8-8F5EE6037096}"
EndProject
Project("{FAE04EC0-301F-11D3-BF4B-00C04F79EFBC}") = "MedsReadyMobile.Data.Common", "MedsReadyMobile\MedsReadyMobile.Data.Common\MedsReadyMobile.Data.Common.csproj", "{B23BD882-4D22-424D-A0D2-9280AFEFEB2C}"
EndProject
Global
	GlobalSection(SolutionConfigurationPlatforms) = preSolution
		Ad-Hoc|Any CPU = Ad-Hoc|Any CPU
		Ad-Hoc|ARM = Ad-Hoc|ARM
		Ad-Hoc|iPhone = Ad-Hoc|iPhone
		Ad-Hoc|iPhoneSimulator = Ad-Hoc|iPhoneSimulator
		Ad-Hoc|x64 = Ad-Hoc|x64
		Ad-Hoc|x86 = Ad-Hoc|x86
		AppStore|Any CPU = AppStore|Any CPU
		AppStore|ARM = AppStore|ARM
		AppStore|iPhone = AppStore|iPhone
		AppStore|iPhoneSimulator = AppStore|iPhoneSimulator
		AppStore|x64 = AppStore|x64
		AppStore|x86 = AppStore|x86
		Debug|Any CPU = Debug|Any CPU
		Debug|ARM = Debug|ARM
		Debug|iPhone = Debug|iPhone
		Debug|iPhoneSimulator = Debug|iPhoneSimulator
		Debug|x64 = Debug|x64
		Debug|x86 = Debug|x86
		Release|Any CPU = Release|Any CPU
		Release|ARM = Release|ARM
		Release|iPhone = Release|iPhone
		Release|iPhoneSimulator = Release|iPhoneSimulator
		Release|x64 = Release|x64
		Release|x86 = Release|x86
	EndGlobalSection
	GlobalSection(ProjectConfigurationPlatforms) = postSolution
		{7A6BEE65-D301-406B-9DEE-28D7BF06B455}.Ad-Hoc|Any CPU.ActiveCfg = Release|Any CPU
		{7A6BEE65-D301-406B-9DEE-28D7BF06B455}.Ad-Hoc|Any CPU.Build.0 = Release|Any CPU
		{7A6BEE65-D301-406B-9DEE-28D7BF06B455}.Ad-Hoc|ARM.ActiveCfg = Release|Any CPU
		{7A6BEE65-D301-406B-9DEE-28D7BF06B455}.Ad-Hoc|ARM.Build.0 = Release|Any CPU
		{7A6BEE65-D301-406B-9DEE-28D7BF06B455}.Ad-Hoc|iPhone.ActiveCfg = Release|Any CPU
		{7A6BEE65-D301-406B-9DEE-28D7BF06B455}.Ad-Hoc|iPhone.Build.0 = Release|Any CPU
		{7A6BEE65-D301-406B-9DEE-28D7BF06B455}.Ad-Hoc|iPhoneSimulator.ActiveCfg = Release|Any CPU
		{7A6BEE65-D301-406B-9DEE-28D7BF06B455}.Ad-Hoc|iPhoneSimulator.Build.0 = Release|Any CPU
		{7A6BEE65-D301-406B-9DEE-28D7BF06B455}.Ad-Hoc|x64.ActiveCfg = Release|Any CPU
		{7A6BEE65-D301-406B-9DEE-28D7BF06B455}.Ad-Hoc|x64.Build.0 = Release|Any CPU
		{7A6BEE65-D301-406B-9DEE-28D7BF06B455}.Ad-Hoc|x86.ActiveCfg = Release|Any CPU
		{7A6BEE65-D301-406B-9DEE-28D7BF06B455}.Ad-Hoc|x86.Build.0 = Release|Any CPU
		{7A6BEE65-D301-406B-9DEE-28D7BF06B455}.AppStore|Any CPU.ActiveCfg = Release|Any CPU
		{7A6BEE65-D301-406B-9DEE-28D7BF06B455}.AppStore|Any CPU.Build.0 = Release|Any CPU
		{7A6BEE65-D301-406B-9DEE-28D7BF06B455}.AppStore|ARM.ActiveCfg = Release|Any CPU
		{7A6BEE65-D301-406B-9DEE-28D7BF06B455}.AppStore|ARM.Build.0 = Release|Any CPU
		{7A6BEE65-D301-406B-9DEE-28D7BF06B455}.AppStore|iPhone.ActiveCfg = Release|Any CPU
		{7A6BEE65-D301-406B-9DEE-28D7BF06B455}.AppStore|iPhone.Build.0 = Release|Any CPU
		{7A6BEE65-D301-406B-9DEE-28D7BF06B455}.AppStore|iPhoneSimulator.ActiveCfg = Release|Any CPU
		{7A6BEE65-D301-406B-9DEE-28D7BF06B455}.AppStore|iPhoneSimulator.Build.0 = Release|Any CPU
		{7A6BEE65-D301-406B-9DEE-28D7BF06B455}.AppStore|x64.ActiveCfg = Release|Any CPU
		{7A6BEE65-D301-406B-9DEE-28D7BF06B455}.AppStore|x64.Build.0 = Release|Any CPU
		{7A6BEE65-D301-406B-9DEE-28D7BF06B455}.AppStore|x86.ActiveCfg = Release|Any CPU
		{7A6BEE65-D301-406B-9DEE-28D7BF06B455}.AppStore|x86.Build.0 = Release|Any CPU
		{7A6BEE65-D301-406B-9DEE-28D7BF06B455}.Debug|Any CPU.ActiveCfg = Debug|Any CPU
		{7A6BEE65-D301-406B-9DEE-28D7BF06B455}.Debug|Any CPU.Build.0 = Debug|Any CPU
		{7A6BEE65-D301-406B-9DEE-28D7BF06B455}.Debug|ARM.ActiveCfg = Debug|Any CPU
		{7A6BEE65-D301-406B-9DEE-28D7BF06B455}.Debug|ARM.Build.0 = Debug|Any CPU
		{7A6BEE65-D301-406B-9DEE-28D7BF06B455}.Debug|iPhone.ActiveCfg = Debug|Any CPU
		{7A6BEE65-D301-406B-9DEE-28D7BF06B455}.Debug|iPhone.Build.0 = Debug|Any CPU
		{7A6BEE65-D301-406B-9DEE-28D7BF06B455}.Debug|iPhoneSimulator.ActiveCfg = Debug|Any CPU
		{7A6BEE65-D301-406B-9DEE-28D7BF06B455}.Debug|iPhoneSimulator.Build.0 = Debug|Any CPU
		{7A6BEE65-D301-406B-9DEE-28D7BF06B455}.Debug|x64.ActiveCfg = Debug|Any CPU
		{7A6BEE65-D301-406B-9DEE-28D7BF06B455}.Debug|x64.Build.0 = Debug|Any CPU
		{7A6BEE65-D301-406B-9DEE-28D7BF06B455}.Debug|x86.ActiveCfg = Debug|Any CPU
		{7A6BEE65-D301-406B-9DEE-28D7BF06B455}.Debug|x86.Build.0 = Debug|Any CPU
		{7A6BEE65-D301-406B-9DEE-28D7BF06B455}.Release|Any CPU.ActiveCfg = Release|Any CPU
		{7A6BEE65-D301-406B-9DEE-28D7BF06B455}.Release|Any CPU.Build.0 = Release|Any CPU
		{7A6BEE65-D301-406B-9DEE-28D7BF06B455}.Release|ARM.ActiveCfg = Release|Any CPU
		{7A6BEE65-D301-406B-9DEE-28D7BF06B455}.Release|ARM.Build.0 = Release|Any CPU
		{7A6BEE65-D301-406B-9DEE-28D7BF06B455}.Release|iPhone.ActiveCfg = Release|Any CPU
		{7A6BEE65-D301-406B-9DEE-28D7BF06B455}.Release|iPhone.Build.0 = Release|Any CPU
		{7A6BEE65-D301-406B-9DEE-28D7BF06B455}.Release|iPhoneSimulator.ActiveCfg = Release|Any CPU
		{7A6BEE65-D301-406B-9DEE-28D7BF06B455}.Release|iPhoneSimulator.Build.0 = Release|Any CPU
		{7A6BEE65-D301-406B-9DEE-28D7BF06B455}.Release|x64.ActiveCfg = Release|Any CPU
		{7A6BEE65-D301-406B-9DEE-28D7BF06B455}.Release|x64.Build.0 = Release|Any CPU
		{7A6BEE65-D301-406B-9DEE-28D7BF06B455}.Release|x86.ActiveCfg = Release|Any CPU
		{7A6BEE65-D301-406B-9DEE-28D7BF06B455}.Release|x86.Build.0 = Release|Any CPU
		{290D2A49-0F57-4575-BAF5-75CF9EF97D50}.Ad-Hoc|Any CPU.ActiveCfg = Release|Any CPU
		{290D2A49-0F57-4575-BAF5-75CF9EF97D50}.Ad-Hoc|Any CPU.Build.0 = Release|Any CPU
		{290D2A49-0F57-4575-BAF5-75CF9EF97D50}.Ad-Hoc|Any CPU.Deploy.0 = Release|Any CPU
		{290D2A49-0F57-4575-BAF5-75CF9EF97D50}.Ad-Hoc|ARM.ActiveCfg = Release|Any CPU
		{290D2A49-0F57-4575-BAF5-75CF9EF97D50}.Ad-Hoc|ARM.Build.0 = Release|Any CPU
		{290D2A49-0F57-4575-BAF5-75CF9EF97D50}.Ad-Hoc|ARM.Deploy.0 = Release|Any CPU
		{290D2A49-0F57-4575-BAF5-75CF9EF97D50}.Ad-Hoc|iPhone.ActiveCfg = Release|Any CPU
		{290D2A49-0F57-4575-BAF5-75CF9EF97D50}.Ad-Hoc|iPhone.Build.0 = Release|Any CPU
		{290D2A49-0F57-4575-BAF5-75CF9EF97D50}.Ad-Hoc|iPhone.Deploy.0 = Release|Any CPU
		{290D2A49-0F57-4575-BAF5-75CF9EF97D50}.Ad-Hoc|iPhoneSimulator.ActiveCfg = Release|Any CPU
		{290D2A49-0F57-4575-BAF5-75CF9EF97D50}.Ad-Hoc|iPhoneSimulator.Build.0 = Release|Any CPU
		{290D2A49-0F57-4575-BAF5-75CF9EF97D50}.Ad-Hoc|iPhoneSimulator.Deploy.0 = Release|Any CPU
		{290D2A49-0F57-4575-BAF5-75CF9EF97D50}.Ad-Hoc|x64.ActiveCfg = Release|Any CPU
		{290D2A49-0F57-4575-BAF5-75CF9EF97D50}.Ad-Hoc|x64.Build.0 = Release|Any CPU
		{290D2A49-0F57-4575-BAF5-75CF9EF97D50}.Ad-Hoc|x64.Deploy.0 = Release|Any CPU
		{290D2A49-0F57-4575-BAF5-75CF9EF97D50}.Ad-Hoc|x86.ActiveCfg = Release|Any CPU
		{290D2A49-0F57-4575-BAF5-75CF9EF97D50}.Ad-Hoc|x86.Build.0 = Release|Any CPU
		{290D2A49-0F57-4575-BAF5-75CF9EF97D50}.Ad-Hoc|x86.Deploy.0 = Release|Any CPU
		{290D2A49-0F57-4575-BAF5-75CF9EF97D50}.AppStore|Any CPU.ActiveCfg = Release|Any CPU
		{290D2A49-0F57-4575-BAF5-75CF9EF97D50}.AppStore|Any CPU.Build.0 = Release|Any CPU
		{290D2A49-0F57-4575-BAF5-75CF9EF97D50}.AppStore|Any CPU.Deploy.0 = Release|Any CPU
		{290D2A49-0F57-4575-BAF5-75CF9EF97D50}.AppStore|ARM.ActiveCfg = Release|Any CPU
		{290D2A49-0F57-4575-BAF5-75CF9EF97D50}.AppStore|ARM.Build.0 = Release|Any CPU
		{290D2A49-0F57-4575-BAF5-75CF9EF97D50}.AppStore|ARM.Deploy.0 = Release|Any CPU
		{290D2A49-0F57-4575-BAF5-75CF9EF97D50}.AppStore|iPhone.ActiveCfg = Release|Any CPU
		{290D2A49-0F57-4575-BAF5-75CF9EF97D50}.AppStore|iPhone.Build.0 = Release|Any CPU
		{290D2A49-0F57-4575-BAF5-75CF9EF97D50}.AppStore|iPhone.Deploy.0 = Release|Any CPU
		{290D2A49-0F57-4575-BAF5-75CF9EF97D50}.AppStore|iPhoneSimulator.ActiveCfg = Release|Any CPU
		{290D2A49-0F57-4575-BAF5-75CF9EF97D50}.AppStore|iPhoneSimulator.Build.0 = Release|Any CPU
		{290D2A49-0F57-4575-BAF5-75CF9EF97D50}.AppStore|iPhoneSimulator.Deploy.0 = Release|Any CPU
		{290D2A49-0F57-4575-BAF5-75CF9EF97D50}.AppStore|x64.ActiveCfg = Release|Any CPU
		{290D2A49-0F57-4575-BAF5-75CF9EF97D50}.AppStore|x64.Build.0 = Release|Any CPU
		{290D2A49-0F57-4575-BAF5-75CF9EF97D50}.AppStore|x64.Deploy.0 = Release|Any CPU
		{290D2A49-0F57-4575-BAF5-75CF9EF97D50}.AppStore|x86.ActiveCfg = Release|Any CPU
		{290D2A49-0F57-4575-BAF5-75CF9EF97D50}.AppStore|x86.Build.0 = Release|Any CPU
		{290D2A49-0F57-4575-BAF5-75CF9EF97D50}.AppStore|x86.Deploy.0 = Release|Any CPU
		{290D2A49-0F57-4575-BAF5-75CF9EF97D50}.Debug|Any CPU.ActiveCfg = Debug|Any CPU
		{290D2A49-0F57-4575-BAF5-75CF9EF97D50}.Debug|Any CPU.Build.0 = Debug|Any CPU
		{290D2A49-0F57-4575-BAF5-75CF9EF97D50}.Debug|Any CPU.Deploy.0 = Debug|Any CPU
		{290D2A49-0F57-4575-BAF5-75CF9EF97D50}.Debug|ARM.ActiveCfg = Debug|Any CPU
		{290D2A49-0F57-4575-BAF5-75CF9EF97D50}.Debug|ARM.Build.0 = Debug|Any CPU
		{290D2A49-0F57-4575-BAF5-75CF9EF97D50}.Debug|ARM.Deploy.0 = Debug|Any CPU
		{290D2A49-0F57-4575-BAF5-75CF9EF97D50}.Debug|iPhone.ActiveCfg = Debug|Any CPU
		{290D2A49-0F57-4575-BAF5-75CF9EF97D50}.Debug|iPhone.Build.0 = Debug|Any CPU
		{290D2A49-0F57-4575-BAF5-75CF9EF97D50}.Debug|iPhone.Deploy.0 = Debug|Any CPU
		{290D2A49-0F57-4575-BAF5-75CF9EF97D50}.Debug|iPhoneSimulator.ActiveCfg = Debug|Any CPU
		{290D2A49-0F57-4575-BAF5-75CF9EF97D50}.Debug|iPhoneSimulator.Build.0 = Debug|Any CPU
		{290D2A49-0F57-4575-BAF5-75CF9EF97D50}.Debug|iPhoneSimulator.Deploy.0 = Debug|Any CPU
		{290D2A49-0F57-4575-BAF5-75CF9EF97D50}.Debug|x64.ActiveCfg = Debug|Any CPU
		{290D2A49-0F57-4575-BAF5-75CF9EF97D50}.Debug|x64.Build.0 = Debug|Any CPU
		{290D2A49-0F57-4575-BAF5-75CF9EF97D50}.Debug|x64.Deploy.0 = Debug|Any CPU
		{290D2A49-0F57-4575-BAF5-75CF9EF97D50}.Debug|x86.ActiveCfg = Debug|Any CPU
		{290D2A49-0F57-4575-BAF5-75CF9EF97D50}.Debug|x86.Build.0 = Debug|Any CPU
		{290D2A49-0F57-4575-BAF5-75CF9EF97D50}.Debug|x86.Deploy.0 = Debug|Any CPU
		{290D2A49-0F57-4575-BAF5-75CF9EF97D50}.Release|Any CPU.ActiveCfg = Release|Any CPU
		{290D2A49-0F57-4575-BAF5-75CF9EF97D50}.Release|Any CPU.Build.0 = Release|Any CPU
		{290D2A49-0F57-4575-BAF5-75CF9EF97D50}.Release|Any CPU.Deploy.0 = Release|Any CPU
		{290D2A49-0F57-4575-BAF5-75CF9EF97D50}.Release|ARM.ActiveCfg = Release|Any CPU
		{290D2A49-0F57-4575-BAF5-75CF9EF97D50}.Release|ARM.Build.0 = Release|Any CPU
		{290D2A49-0F57-4575-BAF5-75CF9EF97D50}.Release|ARM.Deploy.0 = Release|Any CPU
		{290D2A49-0F57-4575-BAF5-75CF9EF97D50}.Release|iPhone.ActiveCfg = Release|Any CPU
		{290D2A49-0F57-4575-BAF5-75CF9EF97D50}.Release|iPhone.Build.0 = Release|Any CPU
		{290D2A49-0F57-4575-BAF5-75CF9EF97D50}.Release|iPhone.Deploy.0 = Release|Any CPU
		{290D2A49-0F57-4575-BAF5-75CF9EF97D50}.Release|iPhoneSimulator.ActiveCfg = Release|Any CPU
		{290D2A49-0F57-4575-BAF5-75CF9EF97D50}.Release|iPhoneSimulator.Build.0 = Release|Any CPU
		{290D2A49-0F57-4575-BAF5-75CF9EF97D50}.Release|iPhoneSimulator.Deploy.0 = Release|Any CPU
		{290D2A49-0F57-4575-BAF5-75CF9EF97D50}.Release|x64.ActiveCfg = Release|Any CPU
		{290D2A49-0F57-4575-BAF5-75CF9EF97D50}.Release|x64.Build.0 = Release|Any CPU
		{290D2A49-0F57-4575-BAF5-75CF9EF97D50}.Release|x64.Deploy.0 = Release|Any CPU
		{290D2A49-0F57-4575-BAF5-75CF9EF97D50}.Release|x86.ActiveCfg = Release|Any CPU
		{290D2A49-0F57-4575-BAF5-75CF9EF97D50}.Release|x86.Build.0 = Release|Any CPU
		{290D2A49-0F57-4575-BAF5-75CF9EF97D50}.Release|x86.Deploy.0 = Release|Any CPU
		{E14884E5-59AA-468C-BEF9-3D86EC71268F}.Ad-Hoc|Any CPU.ActiveCfg = Ad-Hoc|iPhone
		{E14884E5-59AA-468C-BEF9-3D86EC71268F}.Ad-Hoc|ARM.ActiveCfg = Ad-Hoc|iPhone
		{E14884E5-59AA-468C-BEF9-3D86EC71268F}.Ad-Hoc|iPhone.ActiveCfg = Ad-Hoc|iPhone
		{E14884E5-59AA-468C-BEF9-3D86EC71268F}.Ad-Hoc|iPhone.Build.0 = Ad-Hoc|iPhone
		{E14884E5-59AA-468C-BEF9-3D86EC71268F}.Ad-Hoc|iPhoneSimulator.ActiveCfg = Ad-Hoc|iPhoneSimulator
		{E14884E5-59AA-468C-BEF9-3D86EC71268F}.Ad-Hoc|iPhoneSimulator.Build.0 = Ad-Hoc|iPhoneSimulator
		{E14884E5-59AA-468C-BEF9-3D86EC71268F}.Ad-Hoc|x64.ActiveCfg = Ad-Hoc|iPhone
		{E14884E5-59AA-468C-BEF9-3D86EC71268F}.Ad-Hoc|x86.ActiveCfg = Ad-Hoc|iPhone
		{E14884E5-59AA-468C-BEF9-3D86EC71268F}.AppStore|Any CPU.ActiveCfg = AppStore|iPhone
		{E14884E5-59AA-468C-BEF9-3D86EC71268F}.AppStore|ARM.ActiveCfg = AppStore|iPhone
		{E14884E5-59AA-468C-BEF9-3D86EC71268F}.AppStore|iPhone.ActiveCfg = AppStore|iPhone
		{E14884E5-59AA-468C-BEF9-3D86EC71268F}.AppStore|iPhone.Build.0 = AppStore|iPhone
		{E14884E5-59AA-468C-BEF9-3D86EC71268F}.AppStore|iPhoneSimulator.ActiveCfg = AppStore|iPhoneSimulator
		{E14884E5-59AA-468C-BEF9-3D86EC71268F}.AppStore|iPhoneSimulator.Build.0 = AppStore|iPhoneSimulator
		{E14884E5-59AA-468C-BEF9-3D86EC71268F}.AppStore|x64.ActiveCfg = AppStore|iPhone
		{E14884E5-59AA-468C-BEF9-3D86EC71268F}.AppStore|x86.ActiveCfg = AppStore|iPhone
		{E14884E5-59AA-468C-BEF9-3D86EC71268F}.Debug|Any CPU.ActiveCfg = Debug|iPhone
		{E14884E5-59AA-468C-BEF9-3D86EC71268F}.Debug|ARM.ActiveCfg = Debug|iPhone
		{E14884E5-59AA-468C-BEF9-3D86EC71268F}.Debug|iPhone.ActiveCfg = Debug|iPhone
		{E14884E5-59AA-468C-BEF9-3D86EC71268F}.Debug|iPhone.Build.0 = Debug|iPhone
		{E14884E5-59AA-468C-BEF9-3D86EC71268F}.Debug|iPhoneSimulator.ActiveCfg = Debug|iPhoneSimulator
		{E14884E5-59AA-468C-BEF9-3D86EC71268F}.Debug|iPhoneSimulator.Build.0 = Debug|iPhoneSimulator
		{E14884E5-59AA-468C-BEF9-3D86EC71268F}.Debug|x64.ActiveCfg = Debug|iPhone
		{E14884E5-59AA-468C-BEF9-3D86EC71268F}.Debug|x86.ActiveCfg = Debug|iPhone
		{E14884E5-59AA-468C-BEF9-3D86EC71268F}.Release|Any CPU.ActiveCfg = Release|iPhone
		{E14884E5-59AA-468C-BEF9-3D86EC71268F}.Release|ARM.ActiveCfg = Release|iPhone
		{E14884E5-59AA-468C-BEF9-3D86EC71268F}.Release|iPhone.ActiveCfg = Release|iPhone
		{E14884E5-59AA-468C-BEF9-3D86EC71268F}.Release|iPhone.Build.0 = Release|iPhone
		{E14884E5-59AA-468C-BEF9-3D86EC71268F}.Release|iPhoneSimulator.ActiveCfg = Release|iPhoneSimulator
		{E14884E5-59AA-468C-BEF9-3D86EC71268F}.Release|iPhoneSimulator.Build.0 = Release|iPhoneSimulator
		{E14884E5-59AA-468C-BEF9-3D86EC71268F}.Release|x64.ActiveCfg = Release|iPhone
		{E14884E5-59AA-468C-BEF9-3D86EC71268F}.Release|x86.ActiveCfg = Release|iPhone
		{67F9D3A8-F71E-4428-913F-C37AE82CDB24}.Ad-Hoc|Any CPU.ActiveCfg = Release|Any CPU
		{67F9D3A8-F71E-4428-913F-C37AE82CDB24}.Ad-Hoc|Any CPU.Build.0 = Release|Any CPU
		{67F9D3A8-F71E-4428-913F-C37AE82CDB24}.Ad-Hoc|ARM.ActiveCfg = Release|Any CPU
		{67F9D3A8-F71E-4428-913F-C37AE82CDB24}.Ad-Hoc|ARM.Build.0 = Release|Any CPU
		{67F9D3A8-F71E-4428-913F-C37AE82CDB24}.Ad-Hoc|iPhone.ActiveCfg = Release|Any CPU
		{67F9D3A8-F71E-4428-913F-C37AE82CDB24}.Ad-Hoc|iPhone.Build.0 = Release|Any CPU
		{67F9D3A8-F71E-4428-913F-C37AE82CDB24}.Ad-Hoc|iPhoneSimulator.ActiveCfg = Release|Any CPU
		{67F9D3A8-F71E-4428-913F-C37AE82CDB24}.Ad-Hoc|iPhoneSimulator.Build.0 = Release|Any CPU
		{67F9D3A8-F71E-4428-913F-C37AE82CDB24}.Ad-Hoc|x64.ActiveCfg = Release|Any CPU
		{67F9D3A8-F71E-4428-913F-C37AE82CDB24}.Ad-Hoc|x64.Build.0 = Release|Any CPU
		{67F9D3A8-F71E-4428-913F-C37AE82CDB24}.Ad-Hoc|x86.ActiveCfg = Release|Any CPU
		{67F9D3A8-F71E-4428-913F-C37AE82CDB24}.Ad-Hoc|x86.Build.0 = Release|Any CPU
		{67F9D3A8-F71E-4428-913F-C37AE82CDB24}.AppStore|Any CPU.ActiveCfg = Release|Any CPU
		{67F9D3A8-F71E-4428-913F-C37AE82CDB24}.AppStore|Any CPU.Build.0 = Release|Any CPU
		{67F9D3A8-F71E-4428-913F-C37AE82CDB24}.AppStore|ARM.ActiveCfg = Release|Any CPU
		{67F9D3A8-F71E-4428-913F-C37AE82CDB24}.AppStore|ARM.Build.0 = Release|Any CPU
		{67F9D3A8-F71E-4428-913F-C37AE82CDB24}.AppStore|iPhone.ActiveCfg = Release|Any CPU
		{67F9D3A8-F71E-4428-913F-C37AE82CDB24}.AppStore|iPhone.Build.0 = Release|Any CPU
		{67F9D3A8-F71E-4428-913F-C37AE82CDB24}.AppStore|iPhoneSimulator.ActiveCfg = Release|Any CPU
		{67F9D3A8-F71E-4428-913F-C37AE82CDB24}.AppStore|iPhoneSimulator.Build.0 = Release|Any CPU
		{67F9D3A8-F71E-4428-913F-C37AE82CDB24}.AppStore|x64.ActiveCfg = Release|Any CPU
		{67F9D3A8-F71E-4428-913F-C37AE82CDB24}.AppStore|x64.Build.0 = Release|Any CPU
		{67F9D3A8-F71E-4428-913F-C37AE82CDB24}.AppStore|x86.ActiveCfg = Release|Any CPU
		{67F9D3A8-F71E-4428-913F-C37AE82CDB24}.AppStore|x86.Build.0 = Release|Any CPU
		{67F9D3A8-F71E-4428-913F-C37AE82CDB24}.Debug|Any CPU.ActiveCfg = Debug|Any CPU
		{67F9D3A8-F71E-4428-913F-C37AE82CDB24}.Debug|Any CPU.Build.0 = Debug|Any CPU
		{67F9D3A8-F71E-4428-913F-C37AE82CDB24}.Debug|ARM.ActiveCfg = Debug|Any CPU
		{67F9D3A8-F71E-4428-913F-C37AE82CDB24}.Debug|ARM.Build.0 = Debug|Any CPU
		{67F9D3A8-F71E-4428-913F-C37AE82CDB24}.Debug|iPhone.ActiveCfg = Debug|Any CPU
		{67F9D3A8-F71E-4428-913F-C37AE82CDB24}.Debug|iPhone.Build.0 = Debug|Any CPU
		{67F9D3A8-F71E-4428-913F-C37AE82CDB24}.Debug|iPhoneSimulator.ActiveCfg = Debug|Any CPU
		{67F9D3A8-F71E-4428-913F-C37AE82CDB24}.Debug|iPhoneSimulator.Build.0 = Debug|Any CPU
		{67F9D3A8-F71E-4428-913F-C37AE82CDB24}.Debug|x64.ActiveCfg = Debug|Any CPU
		{67F9D3A8-F71E-4428-913F-C37AE82CDB24}.Debug|x64.Build.0 = Debug|Any CPU
		{67F9D3A8-F71E-4428-913F-C37AE82CDB24}.Debug|x86.ActiveCfg = Debug|Any CPU
		{67F9D3A8-F71E-4428-913F-C37AE82CDB24}.Debug|x86.Build.0 = Debug|Any CPU
		{67F9D3A8-F71E-4428-913F-C37AE82CDB24}.Release|Any CPU.ActiveCfg = Release|Any CPU
		{67F9D3A8-F71E-4428-913F-C37AE82CDB24}.Release|Any CPU.Build.0 = Release|Any CPU
		{67F9D3A8-F71E-4428-913F-C37AE82CDB24}.Release|ARM.ActiveCfg = Release|Any CPU
		{67F9D3A8-F71E-4428-913F-C37AE82CDB24}.Release|ARM.Build.0 = Release|Any CPU
		{67F9D3A8-F71E-4428-913F-C37AE82CDB24}.Release|iPhone.ActiveCfg = Release|Any CPU
		{67F9D3A8-F71E-4428-913F-C37AE82CDB24}.Release|iPhone.Build.0 = Release|Any CPU
		{67F9D3A8-F71E-4428-913F-C37AE82CDB24}.Release|iPhoneSimulator.ActiveCfg = Release|Any CPU
		{67F9D3A8-F71E-4428-913F-C37AE82CDB24}.Release|iPhoneSimulator.Build.0 = Release|Any CPU
		{67F9D3A8-F71E-4428-913F-C37AE82CDB24}.Release|x64.ActiveCfg = Release|Any CPU
		{67F9D3A8-F71E-4428-913F-C37AE82CDB24}.Release|x64.Build.0 = Release|Any CPU
		{67F9D3A8-F71E-4428-913F-C37AE82CDB24}.Release|x86.ActiveCfg = Release|Any CPU
		{67F9D3A8-F71E-4428-913F-C37AE82CDB24}.Release|x86.Build.0 = Release|Any CPU
		{07BBDAC1-E7E8-486C-AD81-9031F06338BC}.Ad-Hoc|Any CPU.ActiveCfg = Release|Any CPU
		{07BBDAC1-E7E8-486C-AD81-9031F06338BC}.Ad-Hoc|Any CPU.Build.0 = Release|Any CPU
		{07BBDAC1-E7E8-486C-AD81-9031F06338BC}.Ad-Hoc|ARM.ActiveCfg = Release|Any CPU
		{07BBDAC1-E7E8-486C-AD81-9031F06338BC}.Ad-Hoc|ARM.Build.0 = Release|Any CPU
		{07BBDAC1-E7E8-486C-AD81-9031F06338BC}.Ad-Hoc|iPhone.ActiveCfg = Release|Any CPU
		{07BBDAC1-E7E8-486C-AD81-9031F06338BC}.Ad-Hoc|iPhone.Build.0 = Release|Any CPU
		{07BBDAC1-E7E8-486C-AD81-9031F06338BC}.Ad-Hoc|iPhoneSimulator.ActiveCfg = Release|Any CPU
		{07BBDAC1-E7E8-486C-AD81-9031F06338BC}.Ad-Hoc|iPhoneSimulator.Build.0 = Release|Any CPU
		{07BBDAC1-E7E8-486C-AD81-9031F06338BC}.Ad-Hoc|x64.ActiveCfg = Release|Any CPU
		{07BBDAC1-E7E8-486C-AD81-9031F06338BC}.Ad-Hoc|x64.Build.0 = Release|Any CPU
		{07BBDAC1-E7E8-486C-AD81-9031F06338BC}.Ad-Hoc|x86.ActiveCfg = Release|Any CPU
		{07BBDAC1-E7E8-486C-AD81-9031F06338BC}.Ad-Hoc|x86.Build.0 = Release|Any CPU
		{07BBDAC1-E7E8-486C-AD81-9031F06338BC}.AppStore|Any CPU.ActiveCfg = Release|Any CPU
		{07BBDAC1-E7E8-486C-AD81-9031F06338BC}.AppStore|Any CPU.Build.0 = Release|Any CPU
		{07BBDAC1-E7E8-486C-AD81-9031F06338BC}.AppStore|ARM.ActiveCfg = Release|Any CPU
		{07BBDAC1-E7E8-486C-AD81-9031F06338BC}.AppStore|ARM.Build.0 = Release|Any CPU
		{07BBDAC1-E7E8-486C-AD81-9031F06338BC}.AppStore|iPhone.ActiveCfg = Release|Any CPU
		{07BBDAC1-E7E8-486C-AD81-9031F06338BC}.AppStore|iPhone.Build.0 = Release|Any CPU
		{07BBDAC1-E7E8-486C-AD81-9031F06338BC}.AppStore|iPhoneSimulator.ActiveCfg = Release|Any CPU
		{07BBDAC1-E7E8-486C-AD81-9031F06338BC}.AppStore|iPhoneSimulator.Build.0 = Release|Any CPU
		{07BBDAC1-E7E8-486C-AD81-9031F06338BC}.AppStore|x64.ActiveCfg = Release|Any CPU
		{07BBDAC1-E7E8-486C-AD81-9031F06338BC}.AppStore|x64.Build.0 = Release|Any CPU
		{07BBDAC1-E7E8-486C-AD81-9031F06338BC}.AppStore|x86.ActiveCfg = Release|Any CPU
		{07BBDAC1-E7E8-486C-AD81-9031F06338BC}.AppStore|x86.Build.0 = Release|Any CPU
		{07BBDAC1-E7E8-486C-AD81-9031F06338BC}.Debug|Any CPU.ActiveCfg = Debug|Any CPU
		{07BBDAC1-E7E8-486C-AD81-9031F06338BC}.Debug|Any CPU.Build.0 = Debug|Any CPU
		{07BBDAC1-E7E8-486C-AD81-9031F06338BC}.Debug|ARM.ActiveCfg = Debug|Any CPU
		{07BBDAC1-E7E8-486C-AD81-9031F06338BC}.Debug|ARM.Build.0 = Debug|Any CPU
		{07BBDAC1-E7E8-486C-AD81-9031F06338BC}.Debug|iPhone.ActiveCfg = Debug|Any CPU
		{07BBDAC1-E7E8-486C-AD81-9031F06338BC}.Debug|iPhone.Build.0 = Debug|Any CPU
		{07BBDAC1-E7E8-486C-AD81-9031F06338BC}.Debug|iPhoneSimulator.ActiveCfg = Debug|Any CPU
		{07BBDAC1-E7E8-486C-AD81-9031F06338BC}.Debug|iPhoneSimulator.Build.0 = Debug|Any CPU
		{07BBDAC1-E7E8-486C-AD81-9031F06338BC}.Debug|x64.ActiveCfg = Debug|Any CPU
		{07BBDAC1-E7E8-486C-AD81-9031F06338BC}.Debug|x64.Build.0 = Debug|Any CPU
		{07BBDAC1-E7E8-486C-AD81-9031F06338BC}.Debug|x86.ActiveCfg = Debug|Any CPU
		{07BBDAC1-E7E8-486C-AD81-9031F06338BC}.Debug|x86.Build.0 = Debug|Any CPU
		{07BBDAC1-E7E8-486C-AD81-9031F06338BC}.Release|Any CPU.ActiveCfg = Release|Any CPU
		{07BBDAC1-E7E8-486C-AD81-9031F06338BC}.Release|Any CPU.Build.0 = Release|Any CPU
		{07BBDAC1-E7E8-486C-AD81-9031F06338BC}.Release|ARM.ActiveCfg = Release|Any CPU
		{07BBDAC1-E7E8-486C-AD81-9031F06338BC}.Release|ARM.Build.0 = Release|Any CPU
		{07BBDAC1-E7E8-486C-AD81-9031F06338BC}.Release|iPhone.ActiveCfg = Release|Any CPU
		{07BBDAC1-E7E8-486C-AD81-9031F06338BC}.Release|iPhone.Build.0 = Release|Any CPU
		{07BBDAC1-E7E8-486C-AD81-9031F06338BC}.Release|iPhoneSimulator.ActiveCfg = Release|Any CPU
		{07BBDAC1-E7E8-486C-AD81-9031F06338BC}.Release|iPhoneSimulator.Build.0 = Release|Any CPU
		{07BBDAC1-E7E8-486C-AD81-9031F06338BC}.Release|x64.ActiveCfg = Release|Any CPU
		{07BBDAC1-E7E8-486C-AD81-9031F06338BC}.Release|x64.Build.0 = Release|Any CPU
		{07BBDAC1-E7E8-486C-AD81-9031F06338BC}.Release|x86.ActiveCfg = Release|Any CPU
		{07BBDAC1-E7E8-486C-AD81-9031F06338BC}.Release|x86.Build.0 = Release|Any CPU
		{274ECF8F-D155-476C-A9E8-8F5EE6037096}.Ad-Hoc|Any CPU.ActiveCfg = Release|Any CPU
		{274ECF8F-D155-476C-A9E8-8F5EE6037096}.Ad-Hoc|Any CPU.Build.0 = Release|Any CPU
		{274ECF8F-D155-476C-A9E8-8F5EE6037096}.Ad-Hoc|ARM.ActiveCfg = Release|Any CPU
		{274ECF8F-D155-476C-A9E8-8F5EE6037096}.Ad-Hoc|ARM.Build.0 = Release|Any CPU
		{274ECF8F-D155-476C-A9E8-8F5EE6037096}.Ad-Hoc|iPhone.ActiveCfg = Release|Any CPU
		{274ECF8F-D155-476C-A9E8-8F5EE6037096}.Ad-Hoc|iPhone.Build.0 = Release|Any CPU
		{274ECF8F-D155-476C-A9E8-8F5EE6037096}.Ad-Hoc|iPhoneSimulator.ActiveCfg = Release|Any CPU
		{274ECF8F-D155-476C-A9E8-8F5EE6037096}.Ad-Hoc|iPhoneSimulator.Build.0 = Release|Any CPU
		{274ECF8F-D155-476C-A9E8-8F5EE6037096}.Ad-Hoc|x64.ActiveCfg = Release|Any CPU
		{274ECF8F-D155-476C-A9E8-8F5EE6037096}.Ad-Hoc|x64.Build.0 = Release|Any CPU
		{274ECF8F-D155-476C-A9E8-8F5EE6037096}.Ad-Hoc|x86.ActiveCfg = Release|Any CPU
		{274ECF8F-D155-476C-A9E8-8F5EE6037096}.Ad-Hoc|x86.Build.0 = Release|Any CPU
		{274ECF8F-D155-476C-A9E8-8F5EE6037096}.AppStore|Any CPU.ActiveCfg = Release|Any CPU
		{274ECF8F-D155-476C-A9E8-8F5EE6037096}.AppStore|Any CPU.Build.0 = Release|Any CPU
		{274ECF8F-D155-476C-A9E8-8F5EE6037096}.AppStore|ARM.ActiveCfg = Release|Any CPU
		{274ECF8F-D155-476C-A9E8-8F5EE6037096}.AppStore|ARM.Build.0 = Release|Any CPU
		{274ECF8F-D155-476C-A9E8-8F5EE6037096}.AppStore|iPhone.ActiveCfg = Release|Any CPU
		{274ECF8F-D155-476C-A9E8-8F5EE6037096}.AppStore|iPhone.Build.0 = Release|Any CPU
		{274ECF8F-D155-476C-A9E8-8F5EE6037096}.AppStore|iPhoneSimulator.ActiveCfg = Release|Any CPU
		{274ECF8F-D155-476C-A9E8-8F5EE6037096}.AppStore|iPhoneSimulator.Build.0 = Release|Any CPU
		{274ECF8F-D155-476C-A9E8-8F5EE6037096}.AppStore|x64.ActiveCfg = Release|Any CPU
		{274ECF8F-D155-476C-A9E8-8F5EE6037096}.AppStore|x64.Build.0 = Release|Any CPU
		{274ECF8F-D155-476C-A9E8-8F5EE6037096}.AppStore|x86.ActiveCfg = Release|Any CPU
		{274ECF8F-D155-476C-A9E8-8F5EE6037096}.AppStore|x86.Build.0 = Release|Any CPU
		{274ECF8F-D155-476C-A9E8-8F5EE6037096}.Debug|Any CPU.ActiveCfg = Debug|Any CPU
		{274ECF8F-D155-476C-A9E8-8F5EE6037096}.Debug|Any CPU.Build.0 = Debug|Any CPU
		{274ECF8F-D155-476C-A9E8-8F5EE6037096}.Debug|ARM.ActiveCfg = Debug|Any CPU
		{274ECF8F-D155-476C-A9E8-8F5EE6037096}.Debug|ARM.Build.0 = Debug|Any CPU
		{274ECF8F-D155-476C-A9E8-8F5EE6037096}.Debug|iPhone.ActiveCfg = Debug|Any CPU
		{274ECF8F-D155-476C-A9E8-8F5EE6037096}.Debug|iPhone.Build.0 = Debug|Any CPU
		{274ECF8F-D155-476C-A9E8-8F5EE6037096}.Debug|iPhoneSimulator.ActiveCfg = Debug|Any CPU
		{274ECF8F-D155-476C-A9E8-8F5EE6037096}.Debug|iPhoneSimulator.Build.0 = Debug|Any CPU
		{274ECF8F-D155-476C-A9E8-8F5EE6037096}.Debug|x64.ActiveCfg = Debug|Any CPU
		{274ECF8F-D155-476C-A9E8-8F5EE6037096}.Debug|x64.Build.0 = Debug|Any CPU
		{274ECF8F-D155-476C-A9E8-8F5EE6037096}.Debug|x86.ActiveCfg = Debug|Any CPU
		{274ECF8F-D155-476C-A9E8-8F5EE6037096}.Debug|x86.Build.0 = Debug|Any CPU
		{274ECF8F-D155-476C-A9E8-8F5EE6037096}.Release|Any CPU.ActiveCfg = Release|Any CPU
		{274ECF8F-D155-476C-A9E8-8F5EE6037096}.Release|Any CPU.Build.0 = Release|Any CPU
		{274ECF8F-D155-476C-A9E8-8F5EE6037096}.Release|ARM.ActiveCfg = Release|Any CPU
		{274ECF8F-D155-476C-A9E8-8F5EE6037096}.Release|ARM.Build.0 = Release|Any CPU
		{274ECF8F-D155-476C-A9E8-8F5EE6037096}.Release|iPhone.ActiveCfg = Release|Any CPU
		{274ECF8F-D155-476C-A9E8-8F5EE6037096}.Release|iPhone.Build.0 = Release|Any CPU
		{274ECF8F-D155-476C-A9E8-8F5EE6037096}.Release|iPhoneSimulator.ActiveCfg = Release|Any CPU
		{274ECF8F-D155-476C-A9E8-8F5EE6037096}.Release|iPhoneSimulator.Build.0 = Release|Any CPU
		{274ECF8F-D155-476C-A9E8-8F5EE6037096}.Release|x64.ActiveCfg = Release|Any CPU
		{274ECF8F-D155-476C-A9E8-8F5EE6037096}.Release|x64.Build.0 = Release|Any CPU
		{274ECF8F-D155-476C-A9E8-8F5EE6037096}.Release|x86.ActiveCfg = Release|Any CPU
		{274ECF8F-D155-476C-A9E8-8F5EE6037096}.Release|x86.Build.0 = Release|Any CPU
		{B23BD882-4D22-424D-A0D2-9280AFEFEB2C}.Ad-Hoc|Any CPU.ActiveCfg = Release|Any CPU
		{B23BD882-4D22-424D-A0D2-9280AFEFEB2C}.Ad-Hoc|Any CPU.Build.0 = Release|Any CPU
		{B23BD882-4D22-424D-A0D2-9280AFEFEB2C}.Ad-Hoc|ARM.ActiveCfg = Release|Any CPU
		{B23BD882-4D22-424D-A0D2-9280AFEFEB2C}.Ad-Hoc|ARM.Build.0 = Release|Any CPU
		{B23BD882-4D22-424D-A0D2-9280AFEFEB2C}.Ad-Hoc|iPhone.ActiveCfg = Release|Any CPU
		{B23BD882-4D22-424D-A0D2-9280AFEFEB2C}.Ad-Hoc|iPhone.Build.0 = Release|Any CPU
		{B23BD882-4D22-424D-A0D2-9280AFEFEB2C}.Ad-Hoc|iPhoneSimulator.ActiveCfg = Release|Any CPU
		{B23BD882-4D22-424D-A0D2-9280AFEFEB2C}.Ad-Hoc|iPhoneSimulator.Build.0 = Release|Any CPU
		{B23BD882-4D22-424D-A0D2-9280AFEFEB2C}.Ad-Hoc|x64.ActiveCfg = Release|Any CPU
		{B23BD882-4D22-424D-A0D2-9280AFEFEB2C}.Ad-Hoc|x64.Build.0 = Release|Any CPU
		{B23BD882-4D22-424D-A0D2-9280AFEFEB2C}.Ad-Hoc|x86.ActiveCfg = Release|Any CPU
		{B23BD882-4D22-424D-A0D2-9280AFEFEB2C}.Ad-Hoc|x86.Build.0 = Release|Any CPU
		{B23BD882-4D22-424D-A0D2-9280AFEFEB2C}.AppStore|Any CPU.ActiveCfg = Release|Any CPU
		{B23BD882-4D22-424D-A0D2-9280AFEFEB2C}.AppStore|Any CPU.Build.0 = Release|Any CPU
		{B23BD882-4D22-424D-A0D2-9280AFEFEB2C}.AppStore|ARM.ActiveCfg = Release|Any CPU
		{B23BD882-4D22-424D-A0D2-9280AFEFEB2C}.AppStore|ARM.Build.0 = Release|Any CPU
		{B23BD882-4D22-424D-A0D2-9280AFEFEB2C}.AppStore|iPhone.ActiveCfg = Release|Any CPU
		{B23BD882-4D22-424D-A0D2-9280AFEFEB2C}.AppStore|iPhone.Build.0 = Release|Any CPU
		{B23BD882-4D22-424D-A0D2-9280AFEFEB2C}.AppStore|iPhoneSimulator.ActiveCfg = Release|Any CPU
		{B23BD882-4D22-424D-A0D2-9280AFEFEB2C}.AppStore|iPhoneSimulator.Build.0 = Release|Any CPU
		{B23BD882-4D22-424D-A0D2-9280AFEFEB2C}.AppStore|x64.ActiveCfg = Release|Any CPU
		{B23BD882-4D22-424D-A0D2-9280AFEFEB2C}.AppStore|x64.Build.0 = Release|Any CPU
		{B23BD882-4D22-424D-A0D2-9280AFEFEB2C}.AppStore|x86.ActiveCfg = Release|Any CPU
		{B23BD882-4D22-424D-A0D2-9280AFEFEB2C}.AppStore|x86.Build.0 = Release|Any CPU
		{B23BD882-4D22-424D-A0D2-9280AFEFEB2C}.Debug|Any CPU.ActiveCfg = Debug|Any CPU
		{B23BD882-4D22-424D-A0D2-9280AFEFEB2C}.Debug|Any CPU.Build.0 = Debug|Any CPU
		{B23BD882-4D22-424D-A0D2-9280AFEFEB2C}.Debug|ARM.ActiveCfg = Debug|Any CPU
		{B23BD882-4D22-424D-A0D2-9280AFEFEB2C}.Debug|ARM.Build.0 = Debug|Any CPU
		{B23BD882-4D22-424D-A0D2-9280AFEFEB2C}.Debug|iPhone.ActiveCfg = Debug|Any CPU
		{B23BD882-4D22-424D-A0D2-9280AFEFEB2C}.Debug|iPhone.Build.0 = Debug|Any CPU
		{B23BD882-4D22-424D-A0D2-9280AFEFEB2C}.Debug|iPhoneSimulator.ActiveCfg = Debug|Any CPU
		{B23BD882-4D22-424D-A0D2-9280AFEFEB2C}.Debug|iPhoneSimulator.Build.0 = Debug|Any CPU
		{B23BD882-4D22-424D-A0D2-9280AFEFEB2C}.Debug|x64.ActiveCfg = Debug|Any CPU
		{B23BD882-4D22-424D-A0D2-9280AFEFEB2C}.Debug|x64.Build.0 = Debug|Any CPU
		{B23BD882-4D22-424D-A0D2-9280AFEFEB2C}.Debug|x86.ActiveCfg = Debug|Any CPU
		{B23BD882-4D22-424D-A0D2-9280AFEFEB2C}.Debug|x86.Build.0 = Debug|Any CPU
		{B23BD882-4D22-424D-A0D2-9280AFEFEB2C}.Release|Any CPU.ActiveCfg = Release|Any CPU
		{B23BD882-4D22-424D-A0D2-9280AFEFEB2C}.Release|Any CPU.Build.0 = Release|Any CPU
		{B23BD882-4D22-424D-A0D2-9280AFEFEB2C}.Release|ARM.ActiveCfg = Release|Any CPU
		{B23BD882-4D22-424D-A0D2-9280AFEFEB2C}.Release|ARM.Build.0 = Release|Any CPU
		{B23BD882-4D22-424D-A0D2-9280AFEFEB2C}.Release|iPhone.ActiveCfg = Release|Any CPU
		{B23BD882-4D22-424D-A0D2-9280AFEFEB2C}.Release|iPhone.Build.0 = Release|Any CPU
		{B23BD882-4D22-424D-A0D2-9280AFEFEB2C}.Release|iPhoneSimulator.ActiveCfg = Release|Any CPU
		{B23BD882-4D22-424D-A0D2-9280AFEFEB2C}.Release|iPhoneSimulator.Build.0 = Release|Any CPU
		{B23BD882-4D22-424D-A0D2-9280AFEFEB2C}.Release|x64.ActiveCfg = Release|Any CPU
		{B23BD882-4D22-424D-A0D2-9280AFEFEB2C}.Release|x64.Build.0 = Release|Any CPU
		{B23BD882-4D22-424D-A0D2-9280AFEFEB2C}.Release|x86.ActiveCfg = Release|Any CPU
		{B23BD882-4D22-424D-A0D2-9280AFEFEB2C}.Release|x86.Build.0 = Release|Any CPU
	EndGlobalSection
	GlobalSection(SolutionProperties) = preSolution
		HideSolutionNode = FALSE
	EndGlobalSection
	GlobalSection(NestedProjects) = preSolution
		{290D2A49-0F57-4575-BAF5-75CF9EF97D50} = {41595D8E-1236-4C12-9841-3762662F0FFD}
		{E14884E5-59AA-468C-BEF9-3D86EC71268F} = {41595D8E-1236-4C12-9841-3762662F0FFD}
	EndGlobalSection
EndGlobal
